
Microsoft Visual Studio Solution File, Format Version 12.00
# Visual Studio Version 17
VisualStudioVersion = 17.11.35327.3
MinimumVisualStudioVersion = 10.0.40219.1
Project("{FAE04EC0-301F-11D3-BF4B-00C04F79EFBC}") = "chathurima_mvc", "chathurima_mvc\chathurima_mvc.csproj", "{115C2DA2-2464-4DC0-B8AE-ABE952C3781F}"
EndProject
Global
	GlobalSection(SolutionConfigurationPlatforms) = preSolution
		Debug|Any CPU = Debug|Any CPU
		Release|Any CPU = Release|Any CPU
	EndGlobalSection
	GlobalSection(ProjectConfigurationPlatforms) = postSolution
		{115C2DA2-2464-4DC0-B8AE-ABE952C3781F}.Debug|Any CPU.ActiveCfg = Debug|Any CPU
		{115C2DA2-2464-4DC0-B8AE-ABE952C3781F}.Debug|Any CPU.Build.0 = Debug|Any CPU
		{115C2DA2-2464-4DC0-B8AE-ABE952C3781F}.Release|Any CPU.ActiveCfg = Release|Any CPU
		{115C2DA2-2464-4DC0-B8AE-ABE952C3781F}.Release|Any CPU.Build.0 = Release|Any CPU
	EndGlobalSection
	GlobalSection(SolutionProperties) = preSolution
		HideSolutionNode = FALSE
	EndGlobalSection
	GlobalSection(ExtensibilityGlobals) = postSolution
		SolutionGuid = {4BEB876D-ED17-40E4-8A1F-2103C1857A0E}
	EndGlobalSection
EndGlobal
